// !$*UTF8*$!
{ archiveVersion = 1; classes = {}; objectVersion = 56; objects = {
318FBAC5D2E9E41EAF05C44F = { isa = PBXFileReference; lastKnownFileType = sourcecode.swift; path = "DotnoteApp.swift"; sourceTree = "<group>"; };
B83C800C10E06D3CCAAA2241 = { isa = PBXBuildFile; fileRef = 318FBAC5D2E9E41EAF05C44F; };
D3926E52E14CE34122997D75 = { isa = PBXFileReference; lastKnownFileType = sourcecode.swift; path = "NotebookCanvas.swift"; sourceTree = "<group>"; };
2C77427EE9E0D927B39EF3C9 = { isa = PBXBuildFile; fileRef = D3926E52E14CE34122997D75; };
39FD5E3EA60AFB2DC5911E59 = { isa = PBXFileReference; lastKnownFileType = sourcecode.swift; path = "NotebookModel.swift"; sourceTree = "<group>"; };
2BB6BEC55E4686CFA2094832 = { isa = PBXBuildFile; fileRef = 39FD5E3EA60AFB2DC5911E59; };
03192A707DAE2E854E16BD79 = { isa = PBXFileReference; lastKnownFileType = sourcecode.swift; path = "VaultStore.swift"; sourceTree = "<group>"; };
C2AEEB60BCBA0C2AEBD00834 = { isa = PBXBuildFile; fileRef = 03192A707DAE2E854E16BD79; };
96ED5C5789B174A01557791C = { isa = PBXFileReference; lastKnownFileType = text.xml; path = PrivacyInfo.xcprivacy; sourceTree = "<group>"; };
07B760A8663938679E1BD8F1 = { isa = PBXBuildFile; fileRef = 96ED5C5789B174A01557791C; };
7D1043473D55BFA90E8530D3 = { isa = PBXFileReference; explicitFileType = wrapper.application; path = Dotnote.app; sourceTree = BUILT_PRODUCTS_DIR; };
482182478A3ECD4745BEA917 = { isa = PBXGroup; path = Dotnote; sourceTree = "<group>"; children = (318FBAC5D2E9E41EAF05C44F,D3926E52E14CE34122997D75,39FD5E3EA60AFB2DC5911E59,03192A707DAE2E854E16BD79,96ED5C5789B174A01557791C,); };
FBDC4F23F93125BBEEAE800C = { isa = PBXGroup; name = Products; sourceTree = "<group>"; children = (7D1043473D55BFA90E8530D3,B7480EC88B7F22D0A4757273,); };
B28B7AF69320201D1CF206EB = { isa = PBXGroup; sourceTree = "<group>"; children = (482182478A3ECD4745BEA917,AEAE4B28CDFF08F590396BA5,FBDC4F23F93125BBEEAE800C,); };
63D4C084C6FF9EF737AE0142 = { isa = PBXShellScriptBuildPhase; alwaysOutOfDate = 1; buildActionMask = 2147483647; files = (); inputPaths = (); outputPaths = (); name = "Build shared Kotlin"; runOnlyForDeploymentPostprocessing = 0; shellPath = /bin/sh; shellScript = "set -eu\ncd \"$SRCROOT/..\"\n./gradlew :shared:embedAndSignAppleFrameworkForXcode\n"; };
BCE16DD0260827ECF338C787 = { isa = PBXSourcesBuildPhase; buildActionMask = 2147483647; files = (B83C800C10E06D3CCAAA2241,2C77427EE9E0D927B39EF3C9,2BB6BEC55E4686CFA2094832,C2AEEB60BCBA0C2AEBD00834,); runOnlyForDeploymentPostprocessing = 0; };
7561BFB015D8F536760CB671 = { isa = PBXFrameworksBuildPhase; buildActionMask = 2147483647; files = (); runOnlyForDeploymentPostprocessing = 0; };
0189424A5A60FED329FA868E = { isa = PBXResourcesBuildPhase; buildActionMask = 2147483647; files = (07B760A8663938679E1BD8F1,); runOnlyForDeploymentPostprocessing = 0; };
BD604D99E75E45D38BC7AC8F = { isa = XCBuildConfiguration; name = Debug; buildSettings = {PRODUCT_BUNDLE_IDENTIFIER = "dev.dotnote.app";PRODUCT_NAME = "$(TARGET_NAME)";SWIFT_VERSION = "5.0";IPHONEOS_DEPLOYMENT_TARGET = "17.0";TARGETED_DEVICE_FAMILY = "2";GENERATE_INFOPLIST_FILE = "YES";INFOPLIST_FILE = "Dotnote/Info.plist";INFOPLIST_KEY_UILaunchScreen_Generation = "YES";INFOPLIST_KEY_UIApplicationSupportsIndirectInputEvents = "YES";INFOPLIST_KEY_UISupportedInterfaceOrientations_iPad = "UIInterfaceOrientationPortrait UIInterfaceOrientationPortraitUpsideDown UIInterfaceOrientationLandscapeLeft UIInterfaceOrientationLandscapeRight";CODE_SIGN_STYLE = "Automatic";ENABLE_USER_SCRIPT_SANDBOXING = "NO";FRAMEWORK_SEARCH_PATHS = "$(inherited) $(SRCROOT)/../shared/build/xcode-frameworks/$(CONFIGURATION)/$(SDK_NAME)";OTHER_LDFLAGS = "$(inherited) -framework DotnoteCore";SWIFT_OPTIMIZATION_LEVEL = "-Onone";SDKROOT = "iphoneos";SUPPORTED_PLATFORMS = "iphoneos iphonesimulator";SUPPORTS_MACCATALYST = "NO";CURRENT_PROJECT_VERSION = "25";MARKETING_VERSION = "0.14.0";}; };
89E1FD6268CC0F221A2BE178 = { isa = XCBuildConfiguration; name = Debug; buildSettings = { CLANG_ENABLE_MODULES = YES; ENABLE_TESTABILITY = YES; }; };
D41F56CEA1AC933D25C57AEB = { isa = XCBuildConfiguration; name = Release; buildSettings = {PRODUCT_BUNDLE_IDENTIFIER = "dev.dotnote.app";PRODUCT_NAME = "$(TARGET_NAME)";SWIFT_VERSION = "5.0";IPHONEOS_DEPLOYMENT_TARGET = "17.0";TARGETED_DEVICE_FAMILY = "2";GENERATE_INFOPLIST_FILE = "YES";INFOPLIST_FILE = "Dotnote/Info.plist";INFOPLIST_KEY_UILaunchScreen_Generation = "YES";INFOPLIST_KEY_UIApplicationSupportsIndirectInputEvents = "YES";INFOPLIST_KEY_UISupportedInterfaceOrientations_iPad = "UIInterfaceOrientationPortrait UIInterfaceOrientationPortraitUpsideDown UIInterfaceOrientationLandscapeLeft UIInterfaceOrientationLandscapeRight";CODE_SIGN_STYLE = "Automatic";ENABLE_USER_SCRIPT_SANDBOXING = "NO";FRAMEWORK_SEARCH_PATHS = "$(inherited) $(SRCROOT)/../shared/build/xcode-frameworks/$(CONFIGURATION)/$(SDK_NAME)";OTHER_LDFLAGS = "$(inherited) -framework DotnoteCore";SWIFT_OPTIMIZATION_LEVEL = "-O";SDKROOT = "iphoneos";SUPPORTED_PLATFORMS = "iphoneos iphonesimulator";SUPPORTS_MACCATALYST = "NO";CURRENT_PROJECT_VERSION = "25";MARKETING_VERSION = "0.14.0";}; };
E6DE6C99132752C914FEF632 = { isa = XCBuildConfiguration; name = Release; buildSettings = { CLANG_ENABLE_MODULES = YES; ENABLE_TESTABILITY = YES; }; };
5FB66943637FEB59E5652D81 = { isa = XCConfigurationList; buildConfigurations = (BD604D99E75E45D38BC7AC8F,D41F56CEA1AC933D25C57AEB,); defaultConfigurationIsVisible = 0; defaultConfigurationName = Release; };
862894B703A6DEDF96A9DD6C = { isa = XCConfigurationList; buildConfigurations = (89E1FD6268CC0F221A2BE178,E6DE6C99132752C914FEF632,); defaultConfigurationIsVisible = 0; defaultConfigurationName = Release; };
0E8A3AD980EC179856012B7E = { isa = PBXNativeTarget; buildConfigurationList = 5FB66943637FEB59E5652D81; buildPhases = (63D4C084C6FF9EF737AE0142,BCE16DD0260827ECF338C787,7561BFB015D8F536760CB671,0189424A5A60FED329FA868E,); buildRules = (); dependencies = (); name = Dotnote; productName = Dotnote; productReference = 7D1043473D55BFA90E8530D3; productType = "com.apple.product-type.application"; };
AEAE4B28CDFF08F590396BA5 = { isa = PBXFileReference; lastKnownFileType = sourcecode.swift; path = DotnoteTests/VaultStoreTests.swift; sourceTree = "<group>"; };
B7480EC88B7F22D0A4757273 = { isa = PBXFileReference; explicitFileType = wrapper.cfbundle; path = DotnoteTests.xctest; sourceTree = BUILT_PRODUCTS_DIR; };
80FAC02A0BD5812E2A00F339 = { isa = PBXBuildFile; fileRef = AEAE4B28CDFF08F590396BA5; };
30F416E6C342BEB0B66F9005 = { isa = PBXSourcesBuildPhase; buildActionMask = 2147483647; files = (80FAC02A0BD5812E2A00F339,); runOnlyForDeploymentPostprocessing = 0; };
FCB48D8F88BCDB0ED9FADFD7 = { isa = XCBuildConfiguration; name = Debug; buildSettings = { PRODUCT_BUNDLE_IDENTIFIER = dev.dotnote.tests; PRODUCT_NAME = "$(TARGET_NAME)"; SWIFT_VERSION = 5.0; IPHONEOS_DEPLOYMENT_TARGET = 17.0; TARGETED_DEVICE_FAMILY = 2; GENERATE_INFOPLIST_FILE = YES; TEST_HOST = "$(BUILT_PRODUCTS_DIR)/Dotnote.app/Dotnote"; BUNDLE_LOADER = "$(TEST_HOST)"; FRAMEWORK_SEARCH_PATHS = "$(inherited) $(SRCROOT)/../shared/build/xcode-frameworks/$(CONFIGURATION)/$(SDK_NAME)"; SDKROOT = iphoneos; CODE_SIGN_STYLE = Automatic; }; };
942EEBBACD6C88CAE7F29B29 = { isa = XCBuildConfiguration; name = Release; buildSettings = { PRODUCT_BUNDLE_IDENTIFIER = dev.dotnote.tests; PRODUCT_NAME = "$(TARGET_NAME)"; SWIFT_VERSION = 5.0; IPHONEOS_DEPLOYMENT_TARGET = 17.0; TARGETED_DEVICE_FAMILY = 2; GENERATE_INFOPLIST_FILE = YES; TEST_HOST = "$(BUILT_PRODUCTS_DIR)/Dotnote.app/Dotnote"; BUNDLE_LOADER = "$(TEST_HOST)"; FRAMEWORK_SEARCH_PATHS = "$(inherited) $(SRCROOT)/../shared/build/xcode-frameworks/$(CONFIGURATION)/$(SDK_NAME)"; SDKROOT = iphoneos; CODE_SIGN_STYLE = Automatic; }; };
57950A58A4374066B2AF45DD = { isa = XCConfigurationList; buildConfigurations = (FCB48D8F88BCDB0ED9FADFD7,942EEBBACD6C88CAE7F29B29,); defaultConfigurationIsVisible = 0; defaultConfigurationName = Release; };
D799BAE6088A90139B415FCC = { isa = PBXContainerItemProxy; containerPortal = 98F54143AB4E86B28C3AFEE0; proxyType = 1; remoteGlobalIDString = 0E8A3AD980EC179856012B7E; remoteInfo = Dotnote; };
E9FAD0C6CD43534327C0AF90 = { isa = PBXTargetDependency; target = 0E8A3AD980EC179856012B7E; targetProxy = D799BAE6088A90139B415FCC; };
0A06C5E2DA34E686D888A695 = { isa = PBXNativeTarget; buildConfigurationList = 57950A58A4374066B2AF45DD; buildPhases = (30F416E6C342BEB0B66F9005,); buildRules = (); dependencies = (E9FAD0C6CD43534327C0AF90,); name = DotnoteTests; productName = DotnoteTests; productReference = B7480EC88B7F22D0A4757273; productType = "com.apple.product-type.bundle.unit-test"; };
98F54143AB4E86B28C3AFEE0 = { isa = PBXProject; attributes = { BuildIndependentTargetsInParallel = YES; LastUpgradeCheck = 1600; }; buildConfigurationList = 862894B703A6DEDF96A9DD6C; compatibilityVersion = "Xcode 14.0"; developmentRegion = en; hasScannedForEncodings = 0; knownRegions = (en,Base,); mainGroup = B28B7AF69320201D1CF206EB; productRefGroup = FBDC4F23F93125BBEEAE800C; projectDirPath = ""; projectRoot = ""; targets = (0E8A3AD980EC179856012B7E,0A06C5E2DA34E686D888A695,); };
}; rootObject = 98F54143AB4E86B28C3AFEE0; }
